
Microsoft Visual Studio Solution File, Format Version 12.00
# Visual Studio Version 17
VisualStudioVersion = 17.1.32319.34
MinimumVisualStudioVersion = 10.0.40219.1
Project("{2150E333-8FDC-42A3-9474-1A3956D46DE8}") = "src", "src", "{B1156A9A-A405-4828-BC2D-08B43F9D3165}"
EndProject
Project("{2150E333-8FDC-42A3-9474-1A3956D46DE8}") = "Api", "Api", "{7663A47D-C3A4-4AF0-AE5D-29DAB4105930}"
EndProject
Project("{2150E333-8FDC-42A3-9474-1A3956D46DE8}") = "Core", "Core", "{CC8016D2-4A33-4847-8B91-B46672AF9F30}"
EndProject
Project("{2150E333-8FDC-42A3-9474-1A3956D46DE8}") = "Infrastructure", "Infrastructure", "{68BC981D-1134-4059-B3F3-9D23C889FC56}"
EndProject
Project("{FAE04EC0-301F-11D3-BF4B-00C04F79EFBC}") = "Sample.Api", "Sample.Api\Sample.Api.csproj", "{45F75249-5C51-414B-83F7-D5741D435474}"
EndProject
Global
	GlobalSection(SolutionConfigurationPlatforms) = preSolution
		Debug|Any CPU = Debug|Any CPU
		Release|Any CPU = Release|Any CPU
	EndGlobalSection
	GlobalSection(ProjectConfigurationPlatforms) = postSolution
		{45F75249-5C51-414B-83F7-D5741D435474}.Debug|Any CPU.ActiveCfg = Debug|Any CPU
		{45F75249-5C51-414B-83F7-D5741D435474}.Debug|Any CPU.Build.0 = Debug|Any CPU
		{45F75249-5C51-414B-83F7-D5741D435474}.Release|Any CPU.ActiveCfg = Release|Any CPU
		{45F75249-5C51-414B-83F7-D5741D435474}.Release|Any CPU.Build.0 = Release|Any CPU
	EndGlobalSection
	GlobalSection(SolutionProperties) = preSolution
		HideSolutionNode = FALSE
	EndGlobalSection
	GlobalSection(NestedProjects) = preSolution
		{7663A47D-C3A4-4AF0-AE5D-29DAB4105930} = {B1156A9A-A405-4828-BC2D-08B43F9D3165}
		{CC8016D2-4A33-4847-8B91-B46672AF9F30} = {B1156A9A-A405-4828-BC2D-08B43F9D3165}
		{68BC981D-1134-4059-B3F3-9D23C889FC56} = {B1156A9A-A405-4828-BC2D-08B43F9D3165}
		{45F75249-5C51-414B-83F7-D5741D435474} = {7663A47D-C3A4-4AF0-AE5D-29DAB4105930}
	EndGlobalSection
	GlobalSection(ExtensibilityGlobals) = postSolution
		SolutionGuid = {3B83F001-150D-4F8F-8304-4467C19D2F96}
	EndGlobalSection
EndGlobal
